PODS:
  - ActionSheetPicker-3.0 (2.2.0)
  - Alamofire (4.0.1)
  - SwiftyJSON (3.1.1)

DEPENDENCIES:
  - ActionSheetPicker-3.0 (~> 2.2.0)
  - Alamofire
  - SwiftyJSON

SPEC CHECKSUMS:
  ActionSheetPicker-3.0: d11a4c12c6aaf704b8a3f56d179198c99f3e41e6
  Alamofire: 7682d43245de14874acd142ec137b144aa1dd335
  SwiftyJSON: f0be2e604f83e8405a624e9f891898bf6ed4e019

PODFILE CHECKSUM: febfa63a284b2319e8c999e9eefdc55cf4f600b8

COCOAPODS: 1.1.1
